// !$*UTF8*$!
{
	archiveVersion = 1;
	classes = {
	};
	objectVersion = 50;
	objects = {

/* Begin PBXBuildFile section */
		9712C8BF257E5F3A008B97C2 /* Makefile in Sources */ = {isa = PBXBuildFile; fileRef = 9712C8BE257E5F3A008B97C2 /* Makefile */; };
		9712C8C1257E5F99008B97C2 /* ft_putnull.c in Sources */ = {isa = PBXBuildFile; fileRef = 9712C8C0257E5F99008B97C2 /* ft_putnull.c */; };
		9712EFCD2579317A0026485D /* display_int.c in Sources */ = {isa = PBXBuildFile; fileRef = 9712EFCC2579317A0026485D /* display_int.c */; };
		97531B0F257FA0EA00B00C40 /* display_bighex.c in Sources */ = {isa = PBXBuildFile; fileRef = 97531B0E257FA0EA00B00C40 /* display_bighex.c */; };
		97619F73257FDD4A00336373 /* display_str.c in Sources */ = {isa = PBXBuildFile; fileRef = 97619F72257FDD4900336373 /* display_str.c */; };
		977128D3257EA49200AE43DB /* display_char.c in Sources */ = {isa = PBXBuildFile; fileRef = 977128D2257EA49100AE43DB /* display_char.c */; };
		978CB681257FAF9500A33BFC /* display_unsigned.c in Sources */ = {isa = PBXBuildFile; fileRef = 978CB680257FAF9500A33BFC /* display_unsigned.c */; };
		978CB683257FB11F00A33BFC /* display_pointer.c in Sources */ = {isa = PBXBuildFile; fileRef = 978CB682257FB11F00A33BFC /* display_pointer.c */; };
		978CB685257FBBFF00A33BFC /* display_percent.c in Sources */ = {isa = PBXBuildFile; fileRef = 978CB684257FBBFF00A33BFC /* display_percent.c */; };
		978DE6B425826BA4008DA1FD /* display_hex.c in Sources */ = {isa = PBXBuildFile; fileRef = 978DE6B325826BA4008DA1FD /* display_hex.c */; };
		978DE6B625826BB9008DA1FD /* display_8.c in Sources */ = {isa = PBXBuildFile; fileRef = 978DE6B525826BB9008DA1FD /* display_8.c */; };
		97C829B82579032C002D9407 /* main.c in Sources */ = {isa = PBXBuildFile; fileRef = 97C829B72579032C002D9407 /* main.c */; };
		97E8392C257E34C300409E9A /* main_moscow.c in Sources */ = {isa = PBXBuildFile; fileRef = 97E8392B257E34C300409E9A /* main_moscow.c */; };
		97F0DBDC2577A044004B1656 /* ft_printf.c in Sources */ = {isa = PBXBuildFile; fileRef = 97F0DBDB2577A044004B1656 /* ft_printf.c */; };
		97F0DBDE2577B1C8004B1656 /* ft_parser.c in Sources */ = {isa = PBXBuildFile; fileRef = 97F0DBDD2577B1C8004B1656 /* ft_parser.c */; };
		97F0DC222577C948004B1656 /* ft_utils.c in Sources */ = {isa = PBXBuildFile; fileRef = 97F0DC212577C948004B1656 /* ft_utils.c */; };
/* End PBXBuildFile section */

/* Begin PBXCopyFilesBuildPhase section */
		97F0DBCE2577A02E004B1656 /* CopyFiles */ = {
			isa = PBXCopyFilesBuildPhase;
			buildActionMask = 2147483647;
			dstPath = /usr/share/man/man1/;
			dstSubfolderSpec = 0;
			files = (
			);
			runOnlyForDeploymentPostprocessing = 1;
		};
/* End PBXCopyFilesBuildPhase section */

/* Begin PBXFileReference section */
		9712C8BE257E5F3A008B97C2 /* Makefile */ = {isa = PBXFileReference; fileEncoding = 4; lastKnownFileType = sourcecode.make; path = Makefile; sourceTree = "<group>"; };
		9712C8C0257E5F99008B97C2 /* ft_putnull.c */ = {isa = PBXFileReference; fileEncoding = 4; lastKnownFileType = sourcecode.c.c; path = ft_putnull.c; sourceTree = "<group>"; };
		9712EFCC2579317A0026485D /* display_int.c */ = {isa = PBXFileReference; lastKnownFileType = sourcecode.c.c; path = display_int.c; sourceTree = "<group>"; };
		97531B0E257FA0EA00B00C40 /* display_bighex.c */ = {isa = PBXFileReference; fileEncoding = 4; lastKnownFileType = sourcecode.c.c; path = display_bighex.c; sourceTree = "<group>"; };
		97619F72257FDD4900336373 /* display_str.c */ = {isa = PBXFileReference; fileEncoding = 4; lastKnownFileType = sourcecode.c.c; path = display_str.c; sourceTree = "<group>"; };
		977128D2257EA49100AE43DB /* display_char.c */ = {isa = PBXFileReference; fileEncoding = 4; lastKnownFileType = sourcecode.c.c; path = display_char.c; sourceTree = "<group>"; };
		978CB680257FAF9500A33BFC /* display_unsigned.c */ = {isa = PBXFileReference; fileEncoding = 4; lastKnownFileType = sourcecode.c.c; path = display_unsigned.c; sourceTree = "<group>"; };
		978CB682257FB11F00A33BFC /* display_pointer.c */ = {isa = PBXFileReference; fileEncoding = 4; lastKnownFileType = sourcecode.c.c; path = display_pointer.c; sourceTree = "<group>"; };
		978CB684257FBBFF00A33BFC /* display_percent.c */ = {isa = PBXFileReference; fileEncoding = 4; lastKnownFileType = sourcecode.c.c; path = display_percent.c; sourceTree = "<group>"; };
		978DE6B325826BA4008DA1FD /* display_hex.c */ = {isa = PBXFileReference; fileEncoding = 4; lastKnownFileType = sourcecode.c.c; path = display_hex.c; sourceTree = "<group>"; };
		978DE6B525826BB9008DA1FD /* display_8.c */ = {isa = PBXFileReference; fileEncoding = 4; lastKnownFileType = sourcecode.c.c; path = display_8.c; sourceTree = "<group>"; };
		97C829B62578DA91002D9407 /* myprintf */ = {isa = PBXFileReference; explicitFileType = "compiled.mach-o.executable"; includeInIndex = 0; path = myprintf; sourceTree = BUILT_PRODUCTS_DIR; };
		97C829B72579032C002D9407 /* main.c */ = {isa = PBXFileReference; lastKnownFileType = sourcecode.c.c; path = main.c; sourceTree = "<group>"; };
		97E8392B257E34C300409E9A /* main_moscow.c */ = {isa = PBXFileReference; lastKnownFileType = sourcecode.c.c; path = main_moscow.c; sourceTree = "<group>"; };
		97F0DBDA2577A044004B1656 /* ft_printf.h */ = {isa = PBXFileReference; lastKnownFileType = sourcecode.c.h; path = ft_printf.h; sourceTree = "<group>"; };
		97F0DBDB2577A044004B1656 /* ft_printf.c */ = {isa = PBXFileReference; lastKnownFileType = sourcecode.c.c; path = ft_printf.c; sourceTree = "<group>"; };
		97F0DBDD2577B1C8004B1656 /* ft_parser.c */ = {isa = PBXFileReference; lastKnownFileType = sourcecode.c.c; path = ft_parser.c; sourceTree = "<group>"; };
		97F0DC212577C948004B1656 /* ft_utils.c */ = {isa = PBXFileReference; lastKnownFileType = sourcecode.c.c; path = ft_utils.c; sourceTree = "<group>"; };
/* End PBXFileReference section */

/* Begin PBXFrameworksBuildPhase section */
		97F0DBCD2577A02E004B1656 /* Frameworks */ = {
			isa = PBXFrameworksBuildPhase;
			buildActionMask = 2147483647;
			files = (
			);
			runOnlyForDeploymentPostprocessing = 0;
		};
/* End PBXFrameworksBuildPhase section */

/* Begin PBXGroup section */
		97F0DBC72577A02E004B1656 = {
			isa = PBXGroup;
			children = (
				97F0DBDA2577A044004B1656 /* ft_printf.h */,
				97F0DBDB2577A044004B1656 /* ft_printf.c */,
				97C829B72579032C002D9407 /* main.c */,
				97E8392B257E34C300409E9A /* main_moscow.c */,
				9712C8C0257E5F99008B97C2 /* ft_putnull.c */,
				97F0DBDD2577B1C8004B1656 /* ft_parser.c */,
				9712EFCC2579317A0026485D /* display_int.c */,
				977128D2257EA49100AE43DB /* display_char.c */,
				978DE6B325826BA4008DA1FD /* display_hex.c */,
				97531B0E257FA0EA00B00C40 /* display_bighex.c */,
				978CB682257FB11F00A33BFC /* display_pointer.c */,
				978CB680257FAF9500A33BFC /* display_unsigned.c */,
				978CB684257FBBFF00A33BFC /* display_percent.c */,
				97619F72257FDD4900336373 /* display_str.c */,
				978DE6B525826BB9008DA1FD /* display_8.c */,
				97F0DC212577C948004B1656 /* ft_utils.c */,
				97C829B62578DA91002D9407 /* myprintf */,
				9712C8BE257E5F3A008B97C2 /* Makefile */,
			);
			sourceTree = "<group>";
		};
/* End PBXGroup section */

/* Begin PBXNativeTarget section */
		97F0DBCF2577A02E004B1656 /* myprintf */ = {
			isa = PBXNativeTarget;
			buildConfigurationList = 97F0DBD72577A02E004B1656 /* Build configuration list for PBXNativeTarget "myprintf" */;
			buildPhases = (
				97F0DBCC2577A02E004B1656 /* Sources */,
				97F0DBCD2577A02E004B1656 /* Frameworks */,
				97F0DBCE2577A02E004B1656 /* CopyFiles */,
			);
			buildRules = (
			);
			dependencies = (
			);
			name = myprintf;
			productName = myprintf;
			productReference = 97C829B62578DA91002D9407 /* myprintf */;
			productType = "com.apple.product-type.tool";
		};
/* End PBXNativeTarget section */

/* Begin PBXProject section */
		97F0DBC82577A02E004B1656 /* Project object */ = {
			isa = PBXProject;
			attributes = {
				LastUpgradeCheck = 1130;
				ORGANIZATIONNAME = 21school;
				TargetAttributes = {
					97F0DBCF2577A02E004B1656 = {
						CreatedOnToolsVersion = 11.3.1;
					};
				};
			};
			buildConfigurationList = 97F0DBCB2577A02E004B1656 /* Build configuration list for PBXProject "myprintf" */;
			compatibilityVersion = "Xcode 9.3";
			developmentRegion = en;
			hasScannedForEncodings = 0;
			knownRegions = (
				en,
				Base,
			);
			mainGroup = 97F0DBC72577A02E004B1656;
			productRefGroup = 97F0DBC72577A02E004B1656;
			projectDirPath = "";
			projectRoot = "";
			targets = (
				97F0DBCF2577A02E004B1656 /* myprintf */,
			);
		};
/* End PBXProject section */

/* Begin PBXSourcesBuildPhase section */
		97F0DBCC2577A02E004B1656 /* Sources */ = {
			isa = PBXSourcesBuildPhase;
			buildActionMask = 2147483647;
			files = (
				9712EFCD2579317A0026485D /* display_int.c in Sources */,
				978CB681257FAF9500A33BFC /* display_unsigned.c in Sources */,
				978CB685257FBBFF00A33BFC /* display_percent.c in Sources */,
				97C829B82579032C002D9407 /* main.c in Sources */,
				9712C8C1257E5F99008B97C2 /* ft_putnull.c in Sources */,
				97619F73257FDD4A00336373 /* display_str.c in Sources */,
				97531B0F257FA0EA00B00C40 /* display_bighex.c in Sources */,
				97F0DBDE2577B1C8004B1656 /* ft_parser.c in Sources */,
				978DE6B425826BA4008DA1FD /* display_hex.c in Sources */,
				978DE6B625826BB9008DA1FD /* display_8.c in Sources */,
				977128D3257EA49200AE43DB /* display_char.c in Sources */,
				97F0DC222577C948004B1656 /* ft_utils.c in Sources */,
				97E8392C257E34C300409E9A /* main_moscow.c in Sources */,
				9712C8BF257E5F3A008B97C2 /* Makefile in Sources */,
				97F0DBDC2577A044004B1656 /* ft_printf.c in Sources */,
				978CB683257FB11F00A33BFC /* display_pointer.c in Sources */,
			);
			runOnlyForDeploymentPostprocessing = 0;
		};
/* End PBXSourcesBuildPhase section */

/* Begin XCBuildConfiguration section */
		97F0DBD52577A02E004B1656 /* Debug */ = {
			isa = XCBuildConfiguration;
			buildSettings = {
				ALWAYS_SEARCH_USER_PATHS = NO;
				CLANG_ANALYZER_NONNULL = YES;
				CLANG_ANALYZER_NUMBER_OBJECT_CONVERSION = YES_AGGRESSIVE;
				CLANG_CXX_LANGUAGE_STANDARD = "gnu++14";
				CLANG_CXX_LIBRARY = "libc++";
				CLANG_ENABLE_MODULES = YES;
				CLANG_ENABLE_OBJC_ARC = YES;
				CLANG_ENABLE_OBJC_WEAK = YES;
				CLANG_WARN_BLOCK_CAPTURE_AUTORELEASING = YES;
				CLANG_WARN_BOOL_CONVERSION = YES;
				CLANG_WARN_COMMA = YES;
				CLANG_WARN_CONSTANT_CONVERSION = YES;
				CLANG_WARN_DEPRECATED_OBJC_IMPLEMENTATIONS = YES;
				CLANG_WARN_DIRECT_OBJC_ISA_USAGE = YES_ERROR;
				CLANG_WARN_DOCUMENTATION_COMMENTS = YES;
				CLANG_WARN_EMPTY_BODY = YES;
				CLANG_WARN_ENUM_CONVERSION = YES;
				CLANG_WARN_INFINITE_RECURSION = YES;
				CLANG_WARN_INT_CONVERSION = YES;
				CLANG_WARN_NON_LITERAL_NULL_CONVERSION = YES;
				CLANG_WARN_OBJC_IMPLICIT_RETAIN_SELF = YES;
				CLANG_WARN_OBJC_LITERAL_CONVERSION = YES;
				CLANG_WARN_OBJC_ROOT_CLASS = YES_ERROR;
				CLANG_WARN_RANGE_LOOP_ANALYSIS = YES;
				CLANG_WARN_STRICT_PROTOTYPES = YES;
				CLANG_WARN_SUSPICIOUS_MOVE = YES;
				CLANG_WARN_UNGUARDED_AVAILABILITY = YES_AGGRESSIVE;
				CLANG_WARN_UNREACHABLE_CODE = YES;
				CLANG_WARN__DUPLICATE_METHOD_MATCH = YES;
				COPY_PHASE_STRIP = NO;
				DEBUG_INFORMATION_FORMAT = dwarf;
				ENABLE_STRICT_OBJC_MSGSEND = YES;
				ENABLE_TESTABILITY = YES;
				GCC_C_LANGUAGE_STANDARD = gnu11;
				GCC_DYNAMIC_NO_PIC = NO;
				GCC_NO_COMMON_BLOCKS = YES;
				GCC_OPTIMIZATION_LEVEL = 0;
				GCC_PREPROCESSOR_DEFINITIONS = (
					"DEBUG=1",
					"$(inherited)",
				);
				GCC_WARN_64_TO_32_BIT_CONVERSION = YES;
				GCC_WARN_ABOUT_RETURN_TYPE = YES_ERROR;
				GCC_WARN_UNDECLARED_SELECTOR = YES;
				GCC_WARN_UNINITIALIZED_AUTOS = YES_AGGRESSIVE;
				GCC_WARN_UNUSED_FUNCTION = YES;
				GCC_WARN_UNUSED_VARIABLE = YES;
				MACOSX_DEPLOYMENT_TARGET = 10.14;
				MTL_ENABLE_DEBUG_INFO = INCLUDE_SOURCE;
				MTL_FAST_MATH = YES;
				ONLY_ACTIVE_ARCH = YES;
				SDKROOT = macosx;
			};
			name = Debug;
		};
		97F0DBD62577A02E004B1656 /* Release */ = {
			isa = XCBuildConfiguration;
			buildSettings = {
				ALWAYS_SEARCH_USER_PATHS = NO;
				CLANG_ANALYZER_NONNULL = YES;
				CLANG_ANALYZER_NUMBER_OBJECT_CONVERSION = YES_AGGRESSIVE;
				CLANG_CXX_LANGUAGE_STANDARD = "gnu++14";
				CLANG_CXX_LIBRARY = "libc++";
				CLANG_ENABLE_MODULES = YES;
				CLANG_ENABLE_OBJC_ARC = YES;
				CLANG_ENABLE_OBJC_WEAK = YES;
				CLANG_WARN_BLOCK_CAPTURE_AUTORELEASING = YES;
				CLANG_WARN_BOOL_CONVERSION = YES;
				CLANG_WARN_COMMA = YES;
				CLANG_WARN_CONSTANT_CONVERSION = YES;
				CLANG_WARN_DEPRECATED_OBJC_IMPLEMENTATIONS = YES;
				CLANG_WARN_DIRECT_OBJC_ISA_USAGE = YES_ERROR;
				CLANG_WARN_DOCUMENTATION_COMMENTS = YES;
				CLANG_WARN_EMPTY_BODY = YES;
				CLANG_WARN_ENUM_CONVERSION = YES;
				CLANG_WARN_INFINITE_RECURSION = YES;
				CLANG_WARN_INT_CONVERSION = YES;
				CLANG_WARN_NON_LITERAL_NULL_CONVERSION = YES;
				CLANG_WARN_OBJC_IMPLICIT_RETAIN_SELF = YES;
				CLANG_WARN_OBJC_LITERAL_CONVERSION = YES;
				CLANG_WARN_OBJC_ROOT_CLASS = YES_ERROR;
				CLANG_WARN_RANGE_LOOP_ANALYSIS = YES;
				CLANG_WARN_STRICT_PROTOTYPES = YES;
				CLANG_WARN_SUSPICIOUS_MOVE = YES;
				CLANG_WARN_UNGUARDED_AVAILABILITY = YES_AGGRESSIVE;
				CLANG_WARN_UNREACHABLE_CODE = YES;
				CLANG_WARN__DUPLICATE_METHOD_MATCH = YES;
				COPY_PHASE_STRIP = NO;
				DEBUG_INFORMATION_FORMAT = "dwarf-with-dsym";
				ENABLE_NS_ASSERTIONS = NO;
				ENABLE_STRICT_OBJC_MSGSEND = YES;
				GCC_C_LANGUAGE_STANDARD = gnu11;
				GCC_NO_COMMON_BLOCKS = YES;
				GCC_WARN_64_TO_32_BIT_CONVERSION = YES;
				GCC_WARN_ABOUT_RETURN_TYPE = YES_ERROR;
				GCC_WARN_UNDECLARED_SELECTOR = YES;
				GCC_WARN_UNINITIALIZED_AUTOS = YES_AGGRESSIVE;
				GCC_WARN_UNUSED_FUNCTION = YES;
				GCC_WARN_UNUSED_VARIABLE = YES;
				MACOSX_DEPLOYMENT_TARGET = 10.14;
				MTL_ENABLE_DEBUG_INFO = NO;
				MTL_FAST_MATH = YES;
				SDKROOT = macosx;
			};
			name = Release;
		};
		97F0DBD82577A02E004B1656 /* Debug */ = {
			isa = XCBuildConfiguration;
			buildSettings = {
				CODE_SIGN_STYLE = Automatic;
				PRODUCT_NAME = "$(TARGET_NAME)";
			};
			name = Debug;
		};
		97F0DBD92577A02E004B1656 /* Release */ = {
			isa = XCBuildConfiguration;
			buildSettings = {
				CODE_SIGN_STYLE = Automatic;
				PRODUCT_NAME = "$(TARGET_NAME)";
			};
			name = Release;
		};
/* End XCBuildConfiguration section */

/* Begin XCConfigurationList section */
		97F0DBCB2577A02E004B1656 /* Build configuration list for PBXProject "myprintf" */ = {
			isa = XCConfigurationList;
			buildConfigurations = (
				97F0DBD52577A02E004B1656 /* Debug */,
				97F0DBD62577A02E004B1656 /* Release */,
			);
			defaultConfigurationIsVisible = 0;
			defaultConfigurationName = Release;
		};
		97F0DBD72577A02E004B1656 /* Build configuration list for PBXNativeTarget "myprintf" */ = {
			isa = XCConfigurationList;
			buildConfigurations = (
				97F0DBD82577A02E004B1656 /* Debug */,
				97F0DBD92577A02E004B1656 /* Release */,
			);
			defaultConfigurationIsVisible = 0;
			defaultConfigurationName = Release;
		};
/* End XCConfigurationList section */
	};
	rootObject = 97F0DBC82577A02E004B1656 /* Project object */;
}
